
Microsoft Visual Studio Solution File, Format Version 12.00
# Visual Studio Version 16
VisualStudioVersion = 16.0.32510.428
MinimumVisualStudioVersion = 10.0.40219.1
Project("{FAE04EC0-301F-11D3-BF4B-00C04F79EFBC}") = "HDW-Project", "HDW-Project\HDW-Project.csproj", "{04652CBB-E231-4E0B-91FE-DF1E9680B173}"
EndProject
Global
	GlobalSection(SolutionConfigurationPlatforms) = preSolution
		Debug|Any CPU = Debug|Any CPU
		Release|Any CPU = Release|Any CPU
	EndGlobalSection
	GlobalSection(ProjectConfigurationPlatforms) = postSolution
		{04652CBB-E231-4E0B-91FE-DF1E9680B173}.Debug|Any CPU.ActiveCfg = Debug|Any CPU
		{04652CBB-E231-4E0B-91FE-DF1E9680B173}.Debug|Any CPU.Build.0 = Debug|Any CPU
		{04652CBB-E231-4E0B-91FE-DF1E9680B173}.Release|Any CPU.ActiveCfg = Release|Any CPU
		{04652CBB-E231-4E0B-91FE-DF1E9680B173}.Release|Any CPU.Build.0 = Release|Any CPU
	EndGlobalSection
	GlobalSection(SolutionProperties) = preSolution
		HideSolutionNode = FALSE
	EndGlobalSection
	GlobalSection(ExtensibilityGlobals) = postSolution
		SolutionGuid = {09E2D4E2-72D2-41CE-B8DD-87C48C91537D}
	EndGlobalSection
EndGlobal
